// !$*UTF8*$!
{
	archiveVersion = 1;
	classes = {
	};
	objectVersion = 46;
	objects = {

/* Begin PBXBuildFile section */
		4762CF3409864902CDC823BF /* libPods-我看电影.a in Frameworks */ = {isa = PBXBuildFile; fileRef = A70D7B1F1F5B47713BE3DFC7 /* libPods-我看电影.a */; };
		AB314DDC1CF81EE900DD55B5 /* main.m in Sources */ = {isa = PBXBuildFile; fileRef = AB314DDB1CF81EE900DD55B5 /* main.m */; };
		AB314DDF1CF81EE900DD55B5 /* AppDelegate.m in Sources */ = {isa = PBXBuildFile; fileRef = AB314DDE1CF81EE900DD55B5 /* AppDelegate.m */; };
		AB314DE71CF81EE900DD55B5 /* Assets.xcassets in Resources */ = {isa = PBXBuildFile; fileRef = AB314DE61CF81EE900DD55B5 /* Assets.xcassets */; };
		AB314DEA1CF81EE900DD55B5 /* LaunchScreen.storyboard in Resources */ = {isa = PBXBuildFile; fileRef = AB314DE81CF81EE900DD55B5 /* LaunchScreen.storyboard */; };
		AB314DF51CF81EE900DD55B5 /* ____Tests.m in Sources */ = {isa = PBXBuildFile; fileRef = AB314DF41CF81EE900DD55B5 /* ____Tests.m */; };
		AB314E001CF81EE900DD55B5 /* ____UITests.m in Sources */ = {isa = PBXBuildFile; fileRef = AB314DFF1CF81EE900DD55B5 /* ____UITests.m */; };
		AB314E141CF81F9900DD55B5 /* WKMainViewController.m in Sources */ = {isa = PBXBuildFile; fileRef = AB314E131CF81F9900DD55B5 /* WKMainViewController.m */; };
		AB314E171CF81FC100DD55B5 /* WKMovieData.m in Sources */ = {isa = PBXBuildFile; fileRef = AB314E161CF81FC100DD55B5 /* WKMovieData.m */; };
		AB61B4891CF8250B00A16974 /* WKTool.m in Sources */ = {isa = PBXBuildFile; fileRef = AB61B4881CF8250B00A16974 /* WKTool.m */; };
		AB8519081CF996C1004ACA6E /* WKMovieCell.m in Sources */ = {isa = PBXBuildFile; fileRef = AB8519071CF996C1004ACA6E /* WKMovieCell.m */; };
		AB8519101CF9ACFD004ACA6E /* WKWebViewController.m in Sources */ = {isa = PBXBuildFile; fileRef = AB85190F1CF9ACFD004ACA6E /* WKWebViewController.m */; };
		ABEFCA3D1CFA05C600ADD338 /* WKNaviController.m in Sources */ = {isa = PBXBuildFile; fileRef = ABEFCA3C1CFA05C600ADD338 /* WKNaviController.m */; };
		ABEFCA411CFABF0900ADD338 /* WKMovieDetailView.m in Sources */ = {isa = PBXBuildFile; fileRef = ABEFCA401CFABF0900ADD338 /* WKMovieDetailView.m */; };
		ABEFCA441CFAC05500ADD338 /* WKMovieDataFrame.m in Sources */ = {isa = PBXBuildFile; fileRef = ABEFCA431CFAC05500ADD338 /* WKMovieDataFrame.m */; };
		ABEFCA471CFAC1DD00ADD338 /* WKMovieDetailContentView.m in Sources */ = {isa = PBXBuildFile; fileRef = ABEFCA461CFAC1DD00ADD338 /* WKMovieDetailContentView.m */; };
		ABEFCA491CFAC6DC00ADD338 /* CoreGraphics.framework in Frameworks */ = {isa = PBXBuildFile; fileRef = ABEFCA481CFAC6DC00ADD338 /* CoreGraphics.framework */; };
		AC18787FF96B7D50F2A58F07 /* libPods-我看电影UITests.a in Frameworks */ = {isa = PBXBuildFile; fileRef = 8739E4A5F5C0712C1D805C4F /* libPods-我看电影UITests.a */; };
		E09E699BC23666B12F708A17 /* libPods-我看电影Tests.a in Frameworks */ = {isa = PBXBuildFile; fileRef = 6E19ECAE99DD4964FA683AF4 /* libPods-我看电影Tests.a */; };
/* End PBXBuildFile section */

/* Begin PBXContainerItemProxy section */
		AB314DF11CF81EE900DD55B5 /* PBXContainerItemProxy */ = {
			isa = PBXContainerItemProxy;
			containerPortal = AB314DCF1CF81EE900DD55B5 /* Project object */;
			proxyType = 1;
			remoteGlobalIDString = AB314DD61CF81EE900DD55B5;
			remoteInfo = "我看电影";
		};
		AB314DFC1CF81EE900DD55B5 /* PBXContainerItemProxy */ = {
			isa = PBXContainerItemProxy;
			containerPortal = AB314DCF1CF81EE900DD55B5 /* Project object */;
			proxyType = 1;
			remoteGlobalIDString = AB314DD61CF81EE900DD55B5;
			remoteInfo = "我看电影";
		};
/* End PBXContainerItemProxy section */

/* Begin PBXFileReference section */
		2E058A3F53B72843CD8B7E0F /* Pods-我看电影Tests.release.xcconfig */ = {isa = PBXFileReference; includeInIndex = 1; lastKnownFileType = text.xcconfig; name = "Pods-我看电影Tests.release.xcconfig"; path = "Pods/Target Support Files/Pods-我看电影Tests/Pods-我看电影Tests.release.xcconfig"; sourceTree = "<group>"; };
		6E19ECAE99DD4964FA683AF4 /* libPods-我看电影Tests.a */ = {isa = PBXFileReference; explicitFileType = archive.ar; includeInIndex = 0; path = "libPods-我看电影Tests.a"; sourceTree = BUILT_PRODUCTS_DIR; };
		7255DC247617911B8CE735AF /* Pods-我看电影UITests.debug.xcconfig */ = {isa = PBXFileReference; includeInIndex = 1; lastKnownFileType = text.xcconfig; name = "Pods-我看电影UITests.debug.xcconfig"; path = "Pods/Target Support Files/Pods-我看电影UITests/Pods-我看电影UITests.debug.xcconfig"; sourceTree = "<group>"; };
		8739E4A5F5C0712C1D805C4F /* libPods-我看电影UITests.a */ = {isa = PBXFileReference; explicitFileType = archive.ar; includeInIndex = 0; path = "libPods-我看电影UITests.a"; sourceTree = BUILT_PRODUCTS_DIR; };
		A70D7B1F1F5B47713BE3DFC7 /* libPods-我看电影.a */ = {isa = PBXFileReference; explicitFileType = archive.ar; includeInIndex = 0; path = "libPods-我看电影.a"; sourceTree = BUILT_PRODUCTS_DIR; };
		AB314DD71CF81EE900DD55B5 /* 我看电影.app */ = {isa = PBXFileReference; explicitFileType = wrapper.application; includeInIndex = 0; path = "我看电影.app"; sourceTree = BUILT_PRODUCTS_DIR; };
		AB314DDB1CF81EE900DD55B5 /* main.m */ = {isa = PBXFileReference; lastKnownFileType = sourcecode.c.objc; path = main.m; sourceTree = "<group>"; };
		AB314DDD1CF81EE900DD55B5 /* AppDelegate.h */ = {isa = PBXFileReference; lastKnownFileType = sourcecode.c.h; path = AppDelegate.h; sourceTree = "<group>"; };
		AB314DDE1CF81EE900DD55B5 /* AppDelegate.m */ = {isa = PBXFileReference; lastKnownFileType = sourcecode.c.objc; path = AppDelegate.m; sourceTree = "<group>"; };
		AB314DE61CF81EE900DD55B5 /* Assets.xcassets */ = {isa = PBXFileReference; lastKnownFileType = folder.assetcatalog; path = Assets.xcassets; sourceTree = "<group>"; };
		AB314DE91CF81EE900DD55B5 /* Base */ = {isa = PBXFileReference; lastKnownFileType = file.storyboard; name = Base; path = Base.lproj/LaunchScreen.storyboard; sourceTree = "<group>"; };
		AB314DEB1CF81EE900DD55B5 /* Info.plist */ = {isa = PBXFileReference; lastKnownFileType = text.plist.xml; path = Info.plist; sourceTree = "<group>"; };
		AB314DF01CF81EE900DD55B5 /* 我看电影Tests.xctest */ = {isa = PBXFileReference; explicitFileType = wrapper.cfbundle; includeInIndex = 0; path = "我看电影Tests.xctest"; sourceTree = BUILT_PRODUCTS_DIR; };
		AB314DF41CF81EE900DD55B5 /* ____Tests.m */ = {isa = PBXFileReference; lastKnownFileType = sourcecode.c.objc; path = "____Tests.m"; sourceTree = "<group>"; };
		AB314DF61CF81EE900DD55B5 /* Info.plist */ = {isa = PBXFileReference; lastKnownFileType = text.plist.xml; path = Info.plist; sourceTree = "<group>"; };
		AB314DFB1CF81EE900DD55B5 /* 我看电影UITests.xctest */ = {isa = PBXFileReference; explicitFileType = wrapper.cfbundle; includeInIndex = 0; path = "我看电影UITests.xctest"; sourceTree = BUILT_PRODUCTS_DIR; };
		AB314DFF1CF81EE900DD55B5 /* ____UITests.m */ = {isa = PBXFileReference; lastKnownFileType = sourcecode.c.objc; path = "____UITests.m"; sourceTree = "<group>"; };
		AB314E011CF81EE900DD55B5 /* Info.plist */ = {isa = PBXFileReference; lastKnownFileType = text.plist.xml; path = Info.plist; sourceTree = "<group>"; };
		AB314E121CF81F9900DD55B5 /* WKMainViewController.h */ = {isa = PBXFileReference; fileEncoding = 4; lastKnownFileType = sourcecode.c.h; path = WKMainViewController.h; sourceTree = "<group>"; };
		AB314E131CF81F9900DD55B5 /* WKMainViewController.m */ = {isa = PBXFileReference; fileEncoding = 4; lastKnownFileType = sourcecode.c.objc; path = WKMainViewController.m; sourceTree = "<group>"; };
		AB314E151CF81FC100DD55B5 /* WKMovieData.h */ = {isa = PBXFileReference; fileEncoding = 4; lastKnownFileType = sourcecode.c.h; path = WKMovieData.h; sourceTree = "<group>"; };
		AB314E161CF81FC100DD55B5 /* WKMovieData.m */ = {isa = PBXFileReference; fileEncoding = 4; lastKnownFileType = sourcecode.c.objc; path = WKMovieData.m; sourceTree = "<group>"; };
		AB61B4871CF8250B00A16974 /* WKTool.h */ = {isa = PBXFileReference; fileEncoding = 4; lastKnownFileType = sourcecode.c.h; path = WKTool.h; sourceTree = "<group>"; };
		AB61B4881CF8250B00A16974 /* WKTool.m */ = {isa = PBXFileReference; fileEncoding = 4; lastKnownFileType = sourcecode.c.objc; path = WKTool.m; sourceTree = "<group>"; };
		AB8519061CF996C1004ACA6E /* WKMovieCell.h */ = {isa = PBXFileReference; fileEncoding = 4; lastKnownFileType = sourcecode.c.h; path = WKMovieCell.h; sourceTree = "<group>"; };
		AB8519071CF996C1004ACA6E /* WKMovieCell.m */ = {isa = PBXFileReference; fileEncoding = 4; lastKnownFileType = sourcecode.c.objc; path = WKMovieCell.m; sourceTree = "<group>"; };
		AB85190E1CF9ACFD004ACA6E /* WKWebViewController.h */ = {isa = PBXFileReference; fileEncoding = 4; lastKnownFileType = sourcecode.c.h; path = WKWebViewController.h; sourceTree = "<group>"; };
		AB85190F1CF9ACFD004ACA6E /* WKWebViewController.m */ = {isa = PBXFileReference; fileEncoding = 4; lastKnownFileType = sourcecode.c.objc; path = WKWebViewController.m; sourceTree = "<group>"; };
		ABEFCA3B1CFA05C600ADD338 /* WKNaviController.h */ = {isa = PBXFileReference; fileEncoding = 4; lastKnownFileType = sourcecode.c.h; path = WKNaviController.h; sourceTree = "<group>"; };
		ABEFCA3C1CFA05C600ADD338 /* WKNaviController.m */ = {isa = PBXFileReference; fileEncoding = 4; lastKnownFileType = sourcecode.c.objc; path = WKNaviController.m; sourceTree = "<group>"; };
		ABEFCA3E1CFA9D0300ADD338 /* WK_PrefixHeader.pch */ = {isa = PBXFileReference; lastKnownFileType = sourcecode.c.h; path = WK_PrefixHeader.pch; sourceTree = "<group>"; };
		ABEFCA3F1CFABF0900ADD338 /* WKMovieDetailView.h */ = {isa = PBXFileReference; fileEncoding = 4; lastKnownFileType = sourcecode.c.h; path = WKMovieDetailView.h; sourceTree = "<group>"; };
		ABEFCA401CFABF0900ADD338 /* WKMovieDetailView.m */ = {isa = PBXFileReference; fileEncoding = 4; lastKnownFileType = sourcecode.c.objc; path = WKMovieDetailView.m; sourceTree = "<group>"; };
		ABEFCA421CFAC05500ADD338 /* WKMovieDataFrame.h */ = {isa = PBXFileReference; fileEncoding = 4; lastKnownFileType = sourcecode.c.h; path = WKMovieDataFrame.h; sourceTree = "<group>"; };
		ABEFCA431CFAC05500ADD338 /* WKMovieDataFrame.m */ = {isa = PBXFileReference; fileEncoding = 4; lastKnownFileType = sourcecode.c.objc; path = WKMovieDataFrame.m; sourceTree = "<group>"; };
		ABEFCA451CFAC1DD00ADD338 /* WKMovieDetailContentView.h */ = {isa = PBXFileReference; fileEncoding = 4; lastKnownFileType = sourcecode.c.h; path = WKMovieDetailContentView.h; sourceTree = "<group>"; };
		ABEFCA461CFAC1DD00ADD338 /* WKMovieDetailContentView.m */ = {isa = PBXFileReference; fileEncoding = 4; lastKnownFileType = sourcecode.c.objc; path = WKMovieDetailContentView.m; sourceTree = "<group>"; };
		ABEFCA481CFAC6DC00ADD338 /* CoreGraphics.framework */ = {isa = PBXFileReference; lastKnownFileType = wrapper.framework; name = CoreGraphics.framework; path = System/Library/Frameworks/CoreGraphics.framework; sourceTree = SDKROOT; };
		B1E5F4853683583FA6F30134 /* Pods-我看电影.release.xcconfig */ = {isa = PBXFileReference; includeInIndex = 1; lastKnownFileType = text.xcconfig; name = "Pods-我看电影.release.xcconfig"; path = "Pods/Target Support Files/Pods-我看电影/Pods-我看电影.release.xcconfig"; sourceTree = "<group>"; };
		DC21BE97E70E268E7369DE08 /* Pods-我看电影UITests.release.xcconfig */ = {isa = PBXFileReference; includeInIndex = 1; lastKnownFileType = text.xcconfig; name = "Pods-我看电影UITests.release.xcconfig"; path = "Pods/Target Support Files/Pods-我看电影UITests/Pods-我看电影UITests.release.xcconfig"; sourceTree = "<group>"; };
		E86FC029A3AAE016E1B3859C /* Pods-我看电影Tests.debug.xcconfig */ = {isa = PBXFileReference; includeInIndex = 1; lastKnownFileType = text.xcconfig; name = "Pods-我看电影Tests.debug.xcconfig"; path = "Pods/Target Support Files/Pods-我看电影Tests/Pods-我看电影Tests.debug.xcconfig"; sourceTree = "<group>"; };
		F488957B5ACDF44AA946158B /* Pods-我看电影.debug.xcconfig */ = {isa = PBXFileReference; includeInIndex = 1; lastKnownFileType = text.xcconfig; name = "Pods-我看电影.debug.xcconfig"; path = "Pods/Target Support Files/Pods-我看电影/Pods-我看电影.debug.xcconfig"; sourceTree = "<group>"; };
/* End PBXFileReference section */

/* Begin PBXFrameworksBuildPhase section */
		AB314DD41CF81EE900DD55B5 /* Frameworks */ = {
			isa = PBXFrameworksBuildPhase;
			buildActionMask = 2147483647;
			files = (
				ABEFCA491CFAC6DC00ADD338 /* CoreGraphics.framework in Frameworks */,
				4762CF3409864902CDC823BF /* libPods-我看电影.a in Frameworks */,
			);
			runOnlyForDeploymentPostprocessing = 0;
		};
		AB314DED1CF81EE900DD55B5 /* Frameworks */ = {
			isa = PBXFrameworksBuildPhase;
			buildActionMask = 2147483647;
			files = (
				E09E699BC23666B12F708A17 /* libPods-我看电影Tests.a in Frameworks */,
			);
			runOnlyForDeploymentPostprocessing = 0;
		};
		AB314DF81CF81EE900DD55B5 /* Frameworks */ = {
			isa = PBXFrameworksBuildPhase;
			buildActionMask = 2147483647;
			files = (
				AC18787FF96B7D50F2A58F07 /* libPods-我看电影UITests.a in Frameworks */,
			);
			runOnlyForDeploymentPostprocessing = 0;
		};
/* End PBXFrameworksBuildPhase section */

/* Begin PBXGroup section */
		98AD7B3E674C5DBC7CE79101 /* Frameworks */ = {
			isa = PBXGroup;
			children = (
				ABEFCA481CFAC6DC00ADD338 /* CoreGraphics.framework */,
				A70D7B1F1F5B47713BE3DFC7 /* libPods-我看电影.a */,
				6E19ECAE99DD4964FA683AF4 /* libPods-我看电影Tests.a */,
				8739E4A5F5C0712C1D805C4F /* libPods-我看电影UITests.a */,
			);
			name = Frameworks;
			sourceTree = "<group>";
		};
		AB314DCE1CF81EE900DD55B5 = {
			isa = PBXGroup;
			children = (
				AB314DD91CF81EE900DD55B5 /* 我看电影 */,
				AB314DF31CF81EE900DD55B5 /* 我看电影Tests */,
				AB314DFE1CF81EE900DD55B5 /* 我看电影UITests */,
				AB314DD81CF81EE900DD55B5 /* Products */,
				BB6ACA4C7213AD63DE8AA936 /* Pods */,
				98AD7B3E674C5DBC7CE79101 /* Frameworks */,
			);
			sourceTree = "<group>";
		};
		AB314DD81CF81EE900DD55B5 /* Products */ = {
			isa = PBXGroup;
			children = (
				AB314DD71CF81EE900DD55B5 /* 我看电影.app */,
				AB314DF01CF81EE900DD55B5 /* 我看电影Tests.xctest */,
				AB314DFB1CF81EE900DD55B5 /* 我看电影UITests.xctest */,
			);
			name = Products;
			sourceTree = "<group>";
		};
		AB314DD91CF81EE900DD55B5 /* 我看电影 */ = {
			isa = PBXGroup;
			children = (
				AB314E0D1CF81F7F00DD55B5 /* Class */,
				AB314DDD1CF81EE900DD55B5 /* AppDelegate.h */,
				AB314DDE1CF81EE900DD55B5 /* AppDelegate.m */,
				AB314DE61CF81EE900DD55B5 /* Assets.xcassets */,
				AB314DE81CF81EE900DD55B5 /* LaunchScreen.storyboard */,
				AB314DEB1CF81EE900DD55B5 /* Info.plist */,
				AB314DDA1CF81EE900DD55B5 /* Supporting Files */,
			);
			path = "我看电影";
			sourceTree = "<group>";
		};
		AB314DDA1CF81EE900DD55B5 /* Supporting Files */ = {
			isa = PBXGroup;
			children = (
				AB314DDB1CF81EE900DD55B5 /* main.m */,
				ABEFCA3E1CFA9D0300ADD338 /* WK_PrefixHeader.pch */,
			);
			name = "Supporting Files";
			sourceTree = "<group>";
		};
		AB314DF31CF81EE900DD55B5 /* 我看电影Tests */ = {
			isa = PBXGroup;
			children = (
				AB314DF41CF81EE900DD55B5 /* ____Tests.m */,
				AB314DF61CF81EE900DD55B5 /* Info.plist */,
			);
			path = "我看电影Tests";
			sourceTree = "<group>";
		};
		AB314DFE1CF81EE900DD55B5 /* 我看电影UITests */ = {
			isa = PBXGroup;
			children = (
				AB314DFF1CF81EE900DD55B5 /* ____UITests.m */,
				AB314E011CF81EE900DD55B5 /* Info.plist */,
			);
			path = "我看电影UITests";
			sourceTree = "<group>";
		};
		AB314E0D1CF81F7F00DD55B5 /* Class */ = {
			isa = PBXGroup;
			children = (
				AB85190A1CF9ACD5004ACA6E /* Content */,
				AB61B4861CF824F300A16974 /* Tool */,
				AB314E0E1CF81F7F00DD55B5 /* Main */,
			);
			path = Class;
			sourceTree = "<group>";
		};
		AB314E0E1CF81F7F00DD55B5 /* Main */ = {
			isa = PBXGroup;
			children = (
				AB314E0F1CF81F7F00DD55B5 /* Controller */,
				AB314E101CF81F7F00DD55B5 /* Model */,
				AB314E111CF81F7F00DD55B5 /* View */,
			);
			path = Main;
			sourceTree = "<group>";
		};
		AB314E0F1CF81F7F00DD55B5 /* Controller */ = {
			isa = PBXGroup;
			children = (
				AB314E121CF81F9900DD55B5 /* WKMainViewController.h */,
				AB314E131CF81F9900DD55B5 /* WKMainViewController.m */,
				ABEFCA3B1CFA05C600ADD338 /* WKNaviController.h */,
				ABEFCA3C1CFA05C600ADD338 /* WKNaviController.m */,
			);
			path = Controller;
			sourceTree = "<group>";
		};
		AB314E101CF81F7F00DD55B5 /* Model */ = {
			isa = PBXGroup;
			children = (
				AB314E151CF81FC100DD55B5 /* WKMovieData.h */,
				AB314E161CF81FC100DD55B5 /* WKMovieData.m */,
				ABEFCA421CFAC05500ADD338 /* WKMovieDataFrame.h */,
				ABEFCA431CFAC05500ADD338 /* WKMovieDataFrame.m */,
			);
			path = Model;
			sourceTree = "<group>";
		};
		AB314E111CF81F7F00DD55B5 /* View */ = {
			isa = PBXGroup;
			children = (
				AB8519061CF996C1004ACA6E /* WKMovieCell.h */,
				AB8519071CF996C1004ACA6E /* WKMovieCell.m */,
				ABEFCA3F1CFABF0900ADD338 /* WKMovieDetailView.h */,
				ABEFCA401CFABF0900ADD338 /* WKMovieDetailView.m */,
				ABEFCA451CFAC1DD00ADD338 /* WKMovieDetailContentView.h */,
				ABEFCA461CFAC1DD00ADD338 /* WKMovieDetailContentView.m */,
			);
			path = View;
			sourceTree = "<group>";
		};
		AB61B4861CF824F300A16974 /* Tool */ = {
			isa = PBXGroup;
			children = (
				AB61B4871CF8250B00A16974 /* WKTool.h */,
				AB61B4881CF8250B00A16974 /* WKTool.m */,
			);
			path = Tool;
			sourceTree = "<group>";
		};
		AB85190A1CF9ACD5004ACA6E /* Content */ = {
			isa = PBXGroup;
			children = (
				AB85190B1CF9ACD5004ACA6E /* Controller */,
				AB85190C1CF9ACD5004ACA6E /* Model */,
				AB85190D1CF9ACD5004ACA6E /* View */,
			);
			path = Content;
			sourceTree = "<group>";
		};
		AB85190B1CF9ACD5004ACA6E /* Controller */ = {
			isa = PBXGroup;
			children = (
				AB85190E1CF9ACFD004ACA6E /* WKWebViewController.h */,
				AB85190F1CF9ACFD004ACA6E /* WKWebViewController.m */,
			);
			path = Controller;
			sourceTree = "<group>";
		};
		AB85190C1CF9ACD5004ACA6E /* Model */ = {
			isa = PBXGroup;
			children = (
			);
			path = Model;
			sourceTree = "<group>";
		};
		AB85190D1CF9ACD5004ACA6E /* View */ = {
			isa = PBXGroup;
			children = (
			);
			path = View;
			sourceTree = "<group>";
		};
		BB6ACA4C7213AD63DE8AA936 /* Pods */ = {
			isa = PBXGroup;
			children = (
				F488957B5ACDF44AA946158B /* Pods-我看电影.debug.xcconfig */,
				B1E5F4853683583FA6F30134 /* Pods-我看电影.release.xcconfig */,
				E86FC029A3AAE016E1B3859C /* Pods-我看电影Tests.debug.xcconfig */,
				2E058A3F53B72843CD8B7E0F /* Pods-我看电影Tests.release.xcconfig */,
				7255DC247617911B8CE735AF /* Pods-我看电影UITests.debug.xcconfig */,
				DC21BE97E70E268E7369DE08 /* Pods-我看电影UITests.release.xcconfig */,
			);
			name = Pods;
			sourceTree = "<group>";
		};
/* End PBXGroup section */

/* Begin PBXNativeTarget section */
		AB314DD61CF81EE900DD55B5 /* 我看电影 */ = {
			isa = PBXNativeTarget;
			buildConfigurationList = AB314E041CF81EE900DD55B5 /* Build configuration list for PBXNativeTarget "我看电影" */;
			buildPhases = (
				0090FDF04E51A3F5786F5DFD /* Check Pods Manifest.lock */,
				AB314DD31CF81EE900DD55B5 /* Sources */,
				AB314DD41CF81EE900DD55B5 /* Frameworks */,
				AB314DD51CF81EE900DD55B5 /* Resources */,
				C88E38FDE915A205E754A9BF /* Embed Pods Frameworks */,
				1699DC30CBCFAFEC142F7FC0 /* Copy Pods Resources */,
			);
			buildRules = (
			);
			dependencies = (
			);
			name = "我看电影";
			productName = "我看电影";
			productReference = AB314DD71CF81EE900DD55B5 /* 我看电影.app */;
			productType = "com.apple.product-type.application";
		};
		AB314DEF1CF81EE900DD55B5 /* 我看电影Tests */ = {
			isa = PBXNativeTarget;
			buildConfigurationList = AB314E071CF81EE900DD55B5 /* Build configuration list for PBXNativeTarget "我看电影Tests" */;
			buildPhases = (
				15567A8BEB211DD3C25360AE /* Check Pods Manifest.lock */,
				AB314DEC1CF81EE900DD55B5 /* Sources */,
				AB314DED1CF81EE900DD55B5 /* Frameworks */,
				AB314DEE1CF81EE900DD55B5 /* Resources */,
				8561F5043F6DD8B49D010594 /* Embed Pods Frameworks */,
				0F308B5B117B251E32EFBD55 /* Copy Pods Resources */,
			);
			buildRules = (
			);
			dependencies = (
				AB314DF21CF81EE900DD55B5 /* PBXTargetDependency */,
			);
			name = "我看电影Tests";
			productName = "我看电影Tests";
			productReference = AB314DF01CF81EE900DD55B5 /* 我看电影Tests.xctest */;
			productType = "com.apple.product-type.bundle.unit-test";
		};
		AB314DFA1CF81EE900DD55B5 /* 我看电影UITests */ = {
			isa = PBXNativeTarget;
			buildConfigurationList = AB314E0A1CF81EE900DD55B5 /* Build configuration list for PBXNativeTarget "我看电影UITests" */;
			buildPhases = (
				15F52CB1636162036E14C060 /* Check Pods Manifest.lock */,
				AB314DF71CF81EE900DD55B5 /* Sources */,
				AB314DF81CF81EE900DD55B5 /* Frameworks */,
				AB314DF91CF81EE900DD55B5 /* Resources */,
				82F1CDF73B95FDC47A8F8432 /* Copy Pods Resources */,
			);
			buildRules = (
			);
			dependencies = (
				AB314DFD1CF81EE900DD55B5 /* PBXTargetDependency */,
			);
			name = "我看电影UITests";
			productName = "我看电影UITests";
			productReference = AB314DFB1CF81EE900DD55B5 /* 我看电影UITests.xctest */;
			productType = "com.apple.product-type.bundle.ui-testing";
		};
/* End PBXNativeTarget section */

/* Begin PBXProject section */
		AB314DCF1CF81EE900DD55B5 /* Project object */ = {
			isa = PBXProject;
			attributes = {
				LastUpgradeCheck = 0730;
				ORGANIZATIONNAME = wangkui;
				TargetAttributes = {
					AB314DD61CF81EE900DD55B5 = {
						CreatedOnToolsVersion = 7.3.1;
					};
					AB314DEF1CF81EE900DD55B5 = {
						CreatedOnToolsVersion = 7.3.1;
						TestTargetID = AB314DD61CF81EE900DD55B5;
					};
					AB314DFA1CF81EE900DD55B5 = {
						CreatedOnToolsVersion = 7.3.1;
						TestTargetID = AB314DD61CF81EE900DD55B5;
					};
				};
			};
			buildConfigurationList = AB314DD21CF81EE900DD55B5 /* Build configuration list for PBXProject "我看电影" */;
			compatibilityVersion = "Xcode 3.2";
			developmentRegion = English;
			hasScannedForEncodings = 0;
			knownRegions = (
				en,
				Base,
			);
			mainGroup = AB314DCE1CF81EE900DD55B5;
			productRefGroup = AB314DD81CF81EE900DD55B5 /* Products */;
			projectDirPath = "";
			projectRoot = "";
			targets = (
				AB314DD61CF81EE900DD55B5 /* 我看电影 */,
				AB314DEF1CF81EE900DD55B5 /* 我看电影Tests */,
				AB314DFA1CF81EE900DD55B5 /* 我看电影UITests */,
			);
		};
/* End PBXProject section */

/* Begin PBXResourcesBuildPhase section */
		AB314DD51CF81EE900DD55B5 /* Resources */ = {
			isa = PBXResourcesBuildPhase;
			buildActionMask = 2147483647;
			files = (
				AB314DEA1CF81EE900DD55B5 /* LaunchScreen.storyboard in Resources */,
				AB314DE71CF81EE900DD55B5 /* Assets.xcassets in Resources */,
			);
			runOnlyForDeploymentPostprocessing = 0;
		};
		AB314DEE1CF81EE900DD55B5 /* Resources */ = {
			isa = PBXResourcesBuildPhase;
			buildActionMask = 2147483647;
			files = (
			);
			runOnlyForDeploymentPostprocessing = 0;
		};
		AB314DF91CF81EE900DD55B5 /* Resources */ = {
			isa = PBXResourcesBuildPhase;
			buildActionMask = 2147483647;
			files = (
			);
			runOnlyForDeploymentPostprocessing = 0;
		};
/* End PBXResourcesBuildPhase section */

/* Begin PBXShellScriptBuildPhase section */
		0090FDF04E51A3F5786F5DFD /* Check Pods Manifest.lock */ = {
			isa = PBXShellScriptBuildPhase;
			buildActionMask = 2147483647;
			files = (
			);
			inputPaths = (
			);
			name = "Check Pods Manifest.lock";
			outputPaths = (
			);
			runOnlyForDeploymentPostprocessing = 0;
			shellPath = /bin/sh;
			shellScript = "diff \"${PODS_ROOT}/../Podfile.lock\" \"${PODS_ROOT}/Manifest.lock\" > /dev/null\nif [[ $? != 0 ]] ; then\n    cat << EOM\nerror: The sandbox is not in sync with the Podfile.lock. Run 'pod install' or update your CocoaPods installation.\nEOM\n    exit 1\nfi\n";
			showEnvVarsInLog = 0;
		};
		0F308B5B117B251E32EFBD55 /* Copy Pods Resources */ = {
			isa = PBXShellScriptBuildPhase;
			buildActionMask = 2147483647;
			files = (
			);
			inputPaths = (
			);
			name = "Copy Pods Resources";
			outputPaths = (
			);
			runOnlyForDeploymentPostprocessing = 0;
			shellPath = /bin/sh;
			shellScript = "\"${SRCROOT}/Pods/Target Support Files/Pods-我看电影Tests/Pods-我看电影Tests-resources.sh\"\n";
			showEnvVarsInLog = 0;
		};
		15567A8BEB211DD3C25360AE /* Check Pods Manifest.lock */ = {
			isa = PBXShellScriptBuildPhase;
			buildActionMask = 2147483647;
			files = (
			);
			inputPaths = (
			);
			name = "Check Pods Manifest.lock";
			outputPaths = (
			);
			runOnlyForDeploymentPostprocessing = 0;
			shellPath = /bin/sh;
			shellScript = "diff \"${PODS_ROOT}/../Podfile.lock\" \"${PODS_ROOT}/Manifest.lock\" > /dev/null\nif [[ $? != 0 ]] ; then\n    cat << EOM\nerror: The sandbox is not in sync with the Podfile.lock. Run 'pod install' or update your CocoaPods installation.\nEOM\n    exit 1\nfi\n";
			showEnvVarsInLog = 0;
		};
		15F52CB1636162036E14C060 /* Check Pods Manifest.lock */ = {
			isa = PBXShellScriptBuildPhase;
			buildActionMask = 2147483647;
			files = (
			);
			inputPaths = (
			);
			name = "Check Pods Manifest.lock";
			outputPaths = (
			);
			runOnlyForDeploymentPostprocessing = 0;
			shellPath = /bin/sh;
			shellScript = "diff \"${PODS_ROOT}/../Podfile.lock\" \"${PODS_ROOT}/Manifest.lock\" > /dev/null\nif [[ $? != 0 ]] ; then\n    cat << EOM\nerror: The sandbox is not in sync with the Podfile.lock. Run 'pod install' or update your CocoaPods installation.\nEOM\n    exit 1\nfi\n";
			showEnvVarsInLog = 0;
		};
		1699DC30CBCFAFEC142F7FC0 /* Copy Pods Resources */ = {
			isa = PBXShellScriptBuildPhase;
			buildActionMask = 2147483647;
			files = (
			);
			inputPaths = (
			);
			name = "Copy Pods Resources";
			outputPaths = (
			);
			runOnlyForDeploymentPostprocessing = 0;
			shellPath = /bin/sh;
			shellScript = "\"${SRCROOT}/Pods/Target Support Files/Pods-我看电影/Pods-我看电影-resources.sh\"\n";
			showEnvVarsInLog = 0;
		};
		82F1CDF73B95FDC47A8F8432 /* Copy Pods Resources */ = {
			isa = PBXShellScriptBuildPhase;
			buildActionMask = 2147483647;
			files = (
			);
			inputPaths = (
			);
			name = "Copy Pods Resources";
			outputPaths = (
			);
			runOnlyForDeploymentPostprocessing = 0;
			shellPath = /bin/sh;
			shellScript = "\"${SRCROOT}/Pods/Target Support Files/Pods-我看电影UITests/Pods-我看电影UITests-resources.sh\"\n";
			showEnvVarsInLog = 0;
		};
		8561F5043F6DD8B49D010594 /* Embed Pods Frameworks */ = {
			isa = PBXShellScriptBuildPhase;
			buildActionMask = 2147483647;
			files = (
			);
			inputPaths = (
			);
			name = "Embed Pods Frameworks";
			outputPaths = (
			);
			runOnlyForDeploymentPostprocessing = 0;
			shellPath = /bin/sh;
			shellScript = "\"${SRCROOT}/Pods/Target Support Files/Pods-我看电影Tests/Pods-我看电影Tests-frameworks.sh\"\n";
			showEnvVarsInLog = 0;
		};
		C88E38FDE915A205E754A9BF /* Embed Pods Frameworks */ = {
			isa = PBXShellScriptBuildPhase;
			buildActionMask = 2147483647;
			files = (
			);
			inputPaths = (
			);
			name = "Embed Pods Frameworks";
			outputPaths = (
			);
			runOnlyForDeploymentPostprocessing = 0;
			shellPath = /bin/sh;
			shellScript = "\"${SRCROOT}/Pods/Target Support Files/Pods-我看电影/Pods-我看电影-frameworks.sh\"\n";
			showEnvVarsInLog = 0;
		};
/* End PBXShellScriptBuildPhase section */

/* Begin PBXSourcesBuildPhase section */
		AB314DD31CF81EE900DD55B5 /* Sources */ = {
			isa = PBXSourcesBuildPhase;
			buildActionMask = 2147483647;
			files = (
				AB8519081CF996C1004ACA6E /* WKMovieCell.m in Sources */,
				ABEFCA3D1CFA05C600ADD338 /* WKNaviController.m in Sources */,
				AB314E171CF81FC100DD55B5 /* WKMovieData.m in Sources */,
				AB61B4891CF8250B00A16974 /* WKTool.m in Sources */,
				AB8519101CF9ACFD004ACA6E /* WKWebViewController.m in Sources */,
				AB314E141CF81F9900DD55B5 /* WKMainViewController.m in Sources */,
				ABEFCA441CFAC05500ADD338 /* WKMovieDataFrame.m in Sources */,
				AB314DDF1CF81EE900DD55B5 /* AppDelegate.m in Sources */,
				ABEFCA471CFAC1DD00ADD338 /* WKMovieDetailContentView.m in Sources */,
				AB314DDC1CF81EE900DD55B5 /* main.m in Sources */,
				ABEFCA411CFABF0900ADD338 /* WKMovieDetailView.m in Sources */,
			);
			runOnlyForDeploymentPostprocessing = 0;
		};
		AB314DEC1CF81EE900DD55B5 /* Sources */ = {
			isa = PBXSourcesBuildPhase;
			buildActionMask = 2147483647;
			files = (
				AB314DF51CF81EE900DD55B5 /* ____Tests.m in Sources */,
			);
			runOnlyForDeploymentPostprocessing = 0;
		};
		AB314DF71CF81EE900DD55B5 /* Sources */ = {
			isa = PBXSourcesBuildPhase;
			buildActionMask = 2147483647;
			files = (
				AB314E001CF81EE900DD55B5 /* ____UITests.m in Sources */,
			);
			runOnlyForDeploymentPostprocessing = 0;
		};
/* End PBXSourcesBuildPhase section */

/* Begin PBXTargetDependency section */
		AB314DF21CF81EE900DD55B5 /* PBXTargetDependency */ = {
			isa = PBXTargetDependency;
			target = AB314DD61CF81EE900DD55B5 /* 我看电影 */;
			targetProxy = AB314DF11CF81EE900DD55B5 /* PBXContainerItemProxy */;
		};
		AB314DFD1CF81EE900DD55B5 /* PBXTargetDependency */ = {
			isa = PBXTargetDependency;
			target = AB314DD61CF81EE900DD55B5 /* 我看电影 */;
			targetProxy = AB314DFC1CF81EE900DD55B5 /* PBXContainerItemProxy */;
		};
/* End PBXTargetDependency section */

/* Begin PBXVariantGroup section */
		AB314DE81CF81EE900DD55B5 /* LaunchScreen.storyboard */ = {
			isa = PBXVariantGroup;
			children = (
				AB314DE91CF81EE900DD55B5 /* Base */,
			);
			name = LaunchScreen.storyboard;
			sourceTree = "<group>";
		};
/* End PBXVariantGroup section */

/* Begin XCBuildConfiguration section */
		AB314E021CF81EE900DD55B5 /* Debug */ = {
			isa = XCBuildConfiguration;
			buildSettings = {
				ALWAYS_SEARCH_USER_PATHS = NO;
				CLANG_ANALYZER_NONNULL = YES;
				CLANG_CXX_LANGUAGE_STANDARD = "gnu++0x";
				CLANG_CXX_LIBRARY = "libc++";
				CLANG_ENABLE_MODULES = YES;
				CLANG_ENABLE_OBJC_ARC = YES;
				CLANG_WARN_BOOL_CONVERSION = YES;
				CLANG_WARN_CONSTANT_CONVERSION = YES;
				CLANG_WARN_DIRECT_OBJC_ISA_USAGE = YES_ERROR;
				CLANG_WARN_EMPTY_BODY = YES;
				CLANG_WARN_ENUM_CONVERSION = YES;
				CLANG_WARN_INT_CONVERSION = YES;
				CLANG_WARN_OBJC_ROOT_CLASS = YES_ERROR;
				CLANG_WARN_UNREACHABLE_CODE = YES;
				CLANG_WARN__DUPLICATE_METHOD_MATCH = YES;
				"CODE_SIGN_IDENTITY[sdk=iphoneos*]" = "iPhone Developer";
				COPY_PHASE_STRIP = NO;
				DEBUG_INFORMATION_FORMAT = dwarf;
				ENABLE_STRICT_OBJC_MSGSEND = YES;
				ENABLE_TESTABILITY = YES;
				GCC_C_LANGUAGE_STANDARD = gnu99;
				GCC_DYNAMIC_NO_PIC = NO;
				GCC_NO_COMMON_BLOCKS = YES;
				GCC_OPTIMIZATION_LEVEL = 0;
				GCC_PREPROCESSOR_DEFINITIONS = (
					"DEBUG=1",
					"$(inherited)",
				);
				GCC_WARN_64_TO_32_BIT_CONVERSION = YES;
				GCC_WARN_ABOUT_RETURN_TYPE = YES_ERROR;
				GCC_WARN_UNDECLARED_SELECTOR = YES;
				GCC_WARN_UNINITIALIZED_AUTOS = YES_AGGRESSIVE;
				GCC_WARN_UNUSED_FUNCTION = YES;
				GCC_WARN_UNUSED_VARIABLE = YES;
				IPHONEOS_DEPLOYMENT_TARGET = 9.3;
				MTL_ENABLE_DEBUG_INFO = YES;
				ONLY_ACTIVE_ARCH = YES;
				SDKROOT = iphoneos;
			};
			name = Debug;
		};
		AB314E031CF81EE900DD55B5 /* Release */ = {
			isa = XCBuildConfiguration;
			buildSettings = {
				ALWAYS_SEARCH_USER_PATHS = NO;
				CLANG_ANALYZER_NONNULL = YES;
				CLANG_CXX_LANGUAGE_STANDARD = "gnu++0x";
				CLANG_CXX_LIBRARY = "libc++";
				CLANG_ENABLE_MODULES = YES;
				CLANG_ENABLE_OBJC_ARC = YES;
				CLANG_WARN_BOOL_CONVERSION = YES;
				CLANG_WARN_CONSTANT_CONVERSION = YES;
				CLANG_WARN_DIRECT_OBJC_ISA_USAGE = YES_ERROR;
				CLANG_WARN_EMPTY_BODY = YES;
				CLANG_WARN_ENUM_CONVERSION = YES;
				CLANG_WARN_INT_CONVERSION = YES;
				CLANG_WARN_OBJC_ROOT_CLASS = YES_ERROR;
				CLANG_WARN_UNREACHABLE_CODE = YES;
				CLANG_WARN__DUPLICATE_METHOD_MATCH = YES;
				"CODE_SIGN_IDENTITY[sdk=iphoneos*]" = "iPhone Developer";
				COPY_PHASE_STRIP = NO;
				DEBUG_INFORMATION_FORMAT = "dwarf-with-dsym";
				ENABLE_NS_ASSERTIONS = NO;
				ENABLE_STRICT_OBJC_MSGSEND = YES;
				GCC_C_LANGUAGE_STANDARD = gnu99;
				GCC_NO_COMMON_BLOCKS = YES;
				GCC_WARN_64_TO_32_BIT_CONVERSION = YES;
				GCC_WARN_ABOUT_RETURN_TYPE = YES_ERROR;
				GCC_WARN_UNDECLARED_SELECTOR = YES;
				GCC_WARN_UNINITIALIZED_AUTOS = YES_AGGRESSIVE;
				GCC_WARN_UNUSED_FUNCTION = YES;
				GCC_WARN_UNUSED_VARIABLE = YES;
				IPHONEOS_DEPLOYMENT_TARGET = 9.3;
				MTL_ENABLE_DEBUG_INFO = NO;
				SDKROOT = iphoneos;
				VALIDATE_PRODUCT = YES;
			};
			name = Release;
		};
		AB314E051CF81EE900DD55B5 /* Debug */ = {
			isa = XCBuildConfiguration;
			baseConfigurationReference = F488957B5ACDF44AA946158B /* Pods-我看电影.debug.xcconfig */;
			buildSettings = {
				ASSETCATALOG_COMPILER_APPICON_NAME = AppIcon;
				INFOPLIST_FILE = "我看电影/Info.plist";
				IPHONEOS_DEPLOYMENT_TARGET = 7.0;
				LD_RUNPATH_SEARCH_PATHS = "$(inherited) @executable_path/Frameworks";
				PRODUCT_BUNDLE_IDENTIFIER = "wk.----";
				PRODUCT_NAME = "$(TARGET_NAME)";
			};
			name = Debug;
		};
		AB314E061CF81EE900DD55B5 /* Release */ = {
			isa = XCBuildConfiguration;
			baseConfigurationReference = B1E5F4853683583FA6F30134 /* Pods-我看电影.release.xcconfig */;
			buildSettings = {
				ASSETCATALOG_COMPILER_APPICON_NAME = AppIcon;
				INFOPLIST_FILE = "我看电影/Info.plist";
				IPHONEOS_DEPLOYMENT_TARGET = 7.0;
				LD_RUNPATH_SEARCH_PATHS = "$(inherited) @executable_path/Frameworks";
				PRODUCT_BUNDLE_IDENTIFIER = "wk.----";
				PRODUCT_NAME = "$(TARGET_NAME)";
			};
			name = Release;
		};
		AB314E081CF81EE900DD55B5 /* Debug */ = {
			isa = XCBuildConfiguration;
			baseConfigurationReference = E86FC029A3AAE016E1B3859C /* Pods-我看电影Tests.debug.xcconfig */;
			buildSettings = {
				BUNDLE_LOADER = "$(TEST_HOST)";
				INFOPLIST_FILE = "我看电影Tests/Info.plist";
				LD_RUNPATH_SEARCH_PATHS = "$(inherited) @executable_path/Frameworks @loader_path/Frameworks";
				PRODUCT_BUNDLE_IDENTIFIER = "wk.----Tests";
				PRODUCT_NAME = "$(TARGET_NAME)";
				TEST_HOST = "$(BUILT_PRODUCTS_DIR)/我看电影.app/我看电影";
			};
			name = Debug;
		};
		AB314E091CF81EE900DD55B5 /* Release */ = {
			isa = XCBuildConfiguration;
			baseConfigurationReference = 2E058A3F53B72843CD8B7E0F /* Pods-我看电影Tests.release.xcconfig */;
			buildSettings = {
				BUNDLE_LOADER = "$(TEST_HOST)";
				INFOPLIST_FILE = "我看电影Tests/Info.plist";
				LD_RUNPATH_SEARCH_PATHS = "$(inherited) @executable_path/Frameworks @loader_path/Frameworks";
				PRODUCT_BUNDLE_IDENTIFIER = "wk.----Tests";
				PRODUCT_NAME = "$(TARGET_NAME)";
				TEST_HOST = "$(BUILT_PRODUCTS_DIR)/我看电影.app/我看电影";
			};
			name = Release;
		};
		AB314E0B1CF81EE900DD55B5 /* Debug */ = {
			isa = XCBuildConfiguration;
			baseConfigurationReference = 7255DC247617911B8CE735AF /* Pods-我看电影UITests.debug.xcconfig */;
			buildSettings = {
				INFOPLIST_FILE = "我看电影UITests/Info.plist";
				LD_RUNPATH_SEARCH_PATHS = "$(inherited) @executable_path/Frameworks @loader_path/Frameworks";
				PRODUCT_BUNDLE_IDENTIFIER = "wk.----UITests";
				PRODUCT_NAME = "$(TARGET_NAME)";
				TEST_TARGET_NAME = "我看电影";
			};
			name = Debug;
		};
		AB314E0C1CF81EE900DD55B5 /* Release */ = {
			isa = XCBuildConfiguration;
			baseConfigurationReference = DC21BE97E70E268E7369DE08 /* Pods-我看电影UITests.release.xcconfig */;
			buildSettings = {
				INFOPLIST_FILE = "我看电影UITests/Info.plist";
				LD_RUNPATH_SEARCH_PATHS = "$(inherited) @executable_path/Frameworks @loader_path/Frameworks";
				PRODUCT_BUNDLE_IDENTIFIER = "wk.----UITests";
				PRODUCT_NAME = "$(TARGET_NAME)";
				TEST_TARGET_NAME = "我看电影";
			};
			name = Release;
		};
/* End XCBuildConfiguration section */

/* Begin XCConfigurationList section */
		AB314DD21CF81EE900DD55B5 /* Build configuration list for PBXProject "我看电影" */ = {
			isa = XCConfigurationList;
			buildConfigurations = (
				AB314E021CF81EE900DD55B5 /* Debug */,
				AB314E031CF81EE900DD55B5 /* Release */,
			);
			defaultConfigurationIsVisible = 0;
			defaultConfigurationName = Release;
		};
		AB314E041CF81EE900DD55B5 /* Build configuration list for PBXNativeTarget "我看电影" */ = {
			isa = XCConfigurationList;
			buildConfigurations = (
				AB314E051CF81EE900DD55B5 /* Debug */,
				AB314E061CF81EE900DD55B5 /* Release */,
			);
			defaultConfigurationIsVisible = 0;
			defaultConfigurationName = Release;
		};
		AB314E071CF81EE900DD55B5 /* Build configuration list for PBXNativeTarget "我看电影Tests" */ = {
			isa = XCConfigurationList;
			buildConfigurations = (
				AB314E081CF81EE900DD55B5 /* Debug */,
				AB314E091CF81EE900DD55B5 /* Release */,
			);
			defaultConfigurationIsVisible = 0;
			defaultConfigurationName = Release;
		};
		AB314E0A1CF81EE900DD55B5 /* Build configuration list for PBXNativeTarget "我看电影UITests" */ = {
			isa = XCConfigurationList;
			buildConfigurations = (
				AB314E0B1CF81EE900DD55B5 /* Debug */,
				AB314E0C1CF81EE900DD55B5 /* Release */,
			);
			defaultConfigurationIsVisible = 0;
			defaultConfigurationName = Release;
		};
/* End XCConfigurationList section */
	};
	rootObject = AB314DCF1CF81EE900DD55B5 /* Project object */;
}
